{
    "name": "node-red-project",
    "version": "0.0.1",
    "lockfileVersion": 1,
    "requires": true,
    "dependencies": {
        "jimp-compact": {
            "version": "0.9.3",
            "resolved": "https://registry.npmjs.org/jimp-compact/-/jimp-compact-0.9.3.tgz",
            "integrity": "sha512-UrB6dVIdeV+pNRkyahWGu6G4/KPhfozC38ZMw7jprMR9m9R+pJs6Dwbj3Ze5bx4SdDVM+zwHFJDil427em3gew=="
        },
        "node-red-contrib-image-output": {
            "version": "0.5.2",
            "resolved": "https://registry.npmjs.org/node-red-contrib-image-output/-/node-red-contrib-image-output-0.5.2.tgz",
            "integrity": "sha512-BDEoiqQnvTjRofIjMaBhZG+EZGi4p3MC1mLhSP2Re6esbsROaWyGnimBBQcBKNMU5vkJlRJg7g5RTMCS+ZVn4w==",
            "requires": {
                "jimp-compact": "~0.9.3"
            }
        }
    }
}
